{
  "name": "hardhat-project",
  "lockfileVersion": 2,
  "requires": true,
  "packages": {
    "": {
      "name": "hardhat-project",
      "dependencies": {
        "@aave/core-v3": "^1.17.2",
        "@openzeppelin/contracts": "^4.8.1",
        "dotenv": "^16.0.3"
      }
    },
    "node_modules/@aave/core-v3": {
      "version": "1.17.2",
      "resolved": "https://registry.npmjs.org/@aave/core-v3/-/core-v3-1.17.2.tgz",
      "integrity": "sha512-ztCyKTALoeOQy6MlWVRCvHgilh6vT+d6lwjXhIsmlEYlA0v3L6dQBIyTFIzHBUfcpEjs0T3tSmcVxGY+GAUZ1g==",
      "engines": {
        "node": ">=16.0.0"
      }
    },
    "node_modules/@openzeppelin/contracts": {
      "version": "4.8.1",
      "resolved": "https://registry.npmjs.org/@openzeppelin/contracts/-/contracts-4.8.1.tgz",
      "integrity": "sha512-xQ6eUZl+RDyb/FiZe1h+U7qr/f4p/SrTSQcTPH2bjur3C5DbuW/zFgCU/b1P/xcIaEqJep+9ju4xDRi3rmChdQ=="
    },
    "node_modules/dotenv": {
      "version": "16.0.3",
      "resolved": "https://registry.npmjs.org/dotenv/-/dotenv-16.0.3.tgz",
      "integrity": "sha512-7GO6HghkA5fYG9TYnNxi14/7K9f5occMlp3zXAuSxn7CKCxt9xbNWG7yF8hTCSUchlfWSe3uLmlPfigevRItzQ==",
      "engines": {
        "node": ">=12"
      }
    }
  },
  "dependencies": {
    "@aave/core-v3": {
      "version": "1.17.2",
      "resolved": "https://registry.npmjs.org/@aave/core-v3/-/core-v3-1.17.2.tgz",
      "integrity": "sha512-ztCyKTALoeOQy6MlWVRCvHgilh6vT+d6lwjXhIsmlEYlA0v3L6dQBIyTFIzHBUfcpEjs0T3tSmcVxGY+GAUZ1g=="
    },
    "@openzeppelin/contracts": {
      "version": "4.8.1",
      "resolved": "https://registry.npmjs.org/@openzeppelin/contracts/-/contracts-4.8.1.tgz",
      "integrity": "sha512-xQ6eUZl+RDyb/FiZe1h+U7qr/f4p/SrTSQcTPH2bjur3C5DbuW/zFgCU/b1P/xcIaEqJep+9ju4xDRi3rmChdQ=="
    },
    "dotenv": {
      "version": "16.0.3",
      "resolved": "https://registry.npmjs.org/dotenv/-/dotenv-16.0.3.tgz",
      "integrity": "sha512-7GO6HghkA5fYG9TYnNxi14/7K9f5occMlp3zXAuSxn7CKCxt9xbNWG7yF8hTCSUchlfWSe3uLmlPfigevRItzQ=="
    }
  }
}
